{
  "name": "test",
  "version": "1.0.0",
  "lockfileVersion": 2,
  "requires": true,
  "packages": {
    "": {
      "name": "test",
      "version": "1.0.0",
      "license": "ISC",
      "dependencies": {
        "jsexchange": "file:.."
      }
    },
    "..": {
      "dependencies": {
        "@grpc/grpc-js": "^1.6.7",
        "google-protobuf": "^3.20.1"
      },
      "devDependencies": {
        "typescript": "^4.7.4"
      }
    },
    "node_modules/jsexchange": {
      "resolved": "..",
      "link": true
    }
  },
  "dependencies": {
    "jsexchange": {
      "version": "file:..",
      "requires": {
        "@grpc/grpc-js": "^1.6.7",
        "google-protobuf": "^3.20.1",
        "typescript": "^4.7.4"
      }
    }
  }
}
